{
  "version": 4,
  "terraform_version": "1.5.7",
  "serial": 147,
  "lineage": "a7469048-f96f-3d70-a561-a48ba77d65f5",
  "outputs": {
    "myip": {
      "value": "3.108.44.152",
      "type": "string"
    },
    "mykey": {
      "value": "-----BEGIN RSA PRIVATE KEY-----\nMIIJJwIBAAKCAgEAw0bC58B3Aj0/WjmOjnQ2sow4NwPibq0rwM4sSxhYeNrHISyQ\n4/gkzrxjbhK/ydIbF+0WYOukLqAt1akvca0OFbehrUAkgry1FegdihtfpXgrvsuK\nxPxsUos++VZQvwCDeDjHoT8GUkv7WtzVkTHkuj8S97ElwvRNwCy7pT2CevjEDryw\npfRhXkLImLzaPkOI/sETRdGMJrX/RECQASHFv7o7ig8KJ3uLzRk9p3tufJf/kemq\nOe3w4Ev/1qPVQ/tkLYtaFvYvtL43mpqMqfZXctK2FPgzVAgextsLcGM1SBXvGSao\na0a5kpXJEe2wSMhpMCTU3NQIm9ruC+eYF0J6U9XFz+J+J1JG6Kurm/Ac4IbQz1xy\njwBt6y0UWZfvDaInc1Iccf7/KFd8FIT8ZLv/V0C+z6pLak03jWEaZvnHKJXy6eXg\nSUTKqJg8yvYeRQLTHm2naaXEicDKTKZNjUpCzMk5O/hxfgQP7eYUqhNjvKgi+cX1\nLowFFnmjGiq6tE7m00WWXJprOEcZAJRgGFoChxLkaTfNcfdkF14kH/c5yjwT9rgw\nUtpuGC/xE/yURUbax/RUi0uV2Pnti08w9XZ2RDenA0rEqhx2HF9kxG/HRGMUwr3h\nQvlaj7zEI3mwwjz0K8pPLip7xn3kOnZFJ5MrNze1sTBApmwW3D049C5b/58CAwEA\nAQKCAgBNJI0mxI+/ILcAS7CXci2Rh3dFtJElK+AXANvaprl8tODpqBNtG8Bes2mM\nOHfvoML3RsAKdcycZsb0myuU+sqPpcWHDcneo/Hdv567ymiUk86kRwCBJT8dtMih\n84leizNksPmcJ6u1ozKfCJKOE2nKcdRqaV8Dj0OP4ZwXgR8kuVWqhLw8Mzir5jIc\ntK563m8mRNv6Pvfg6xD2w5Kf/9mBDm8q8RoP0uy9j3UdztMtAVcDK44F6Iu58AwX\nnQ1JF+zRWTWz0Hm0K1kICHn9QsX1JGyuCAcu8S5HXI0+TtLjsVaNVwo9puj0kZun\nK4Dyn8l+LW6x9kmYWHql1U3uEmMEPXB4379vR61vwQcS4f/7udKpb56GoPL5+nL4\n9ZFhlx5DUcRBsQ/23g2TltlYIx2YXPQUniir/+rsqDFvEWjpH3mkV+8fzFpU4GA/\nmb2Be4Voi/kHmzeaE2BuyPA0a2Y6A1Piz/xk1NBlv501WsUxmN9lfWDDTa17EjVf\n+BVVXUUTxkfN/KpzlMUBpIq9l86A9ctf7EqQieysVYWClNgJkQlXeWMqojnvOQNW\nuWr84cfJNBVFrU1aVMzHKuIxhvVn4WSKFwrwTXabUVntH9cGZ4dKRInLms7+ai3e\nfKTl1DYxeB9tA3FYEMya0bzhWGndWtkb0NQTIeHNHz8J3Q1VgQKCAQEAxXuxs87m\nc/Gt6Pu67PKRVjtQazy6vcLPbVN5hf0GYHc8umAulnAxF7jqkVxmGUADoN8PpEJA\n9QfDZ87pglmznGxsccRoLnjZ2bJxrR42RA+43UmK4PNxqKTKBbVMBcJ3b4KjrRWd\nKmp/k02o961NM7QsLHd5emlJwGHaw0J+lEaoq5aFZx9+uM4XNLChZ7MZT6eGUyOv\nGMOnt5F9Lb0ugRc7FaMVYnGsFh1Wo8Xez90uxurLuzaUaS4bNYE/Fb3SjKQqUcNA\n20wkZkpD9JbRkSZI0O/BAf2KGaIgENdDm0f2m5gbWsFj4zbyG7P0Pc3G88IunU3i\nTVVXQda2eHskoQKCAQEA/SOrmSK3FAmSgH0YWs3HvvynmU5yobIjtGSB7l11s1KR\n1rngMvgOWOSq/FZClNj2I1cfQyaMCmD8ZDkBwmsUG7DP+56AkNmoCSTg454daKZd\nbB8a+/XECWiMmcMit7Wx3eqp5XD9sP6TUvc1ZWmK8VkLxIBUrSON6xDu5stQYYzf\n398/RtSDR0qDE73rZt5w53HAEi6/Fmwqab5R62qMfgdY/DWsAKwEwxWJcn+Cy9Ks\nvLSA/LHbHlAjlybHjT8rYFU4N8i4S46e4fkdhkg3gaTkUm7dvZeB27qZIN8B6cui\nil4wY0DYzcV48KFYxr+b2DoVfYgxmbGmMfvPcFB8PwKCAQASzM7C/lxkB0r2Fhja\ne9EoM2dZfiOM8yHKF5tHDSpxPoiyeXuV6MJTrs/t3Kz/lF+EDhgwG/qRGRcaJ9GF\nDkMSDiRYxEjiu7CJj/pQb8Lcwd5oeprVBXf5hQ6Scor1NWknXXl1fcxDgHX6sPb3\n9TCXTnyyEwGmjKVvwiEQW6EvPnbKNv8mLRJkR4JgCryi4aL0OU+JVKlTozSxPhF7\nrDnkIjEGw0rC321xgYOA/dJTWYwddbbFcNG6HaCLfG1kBXko2GwK8pqXBe2lK0bC\n3yS+O7XM5jYqmVdvT0bcM5IFE1m/wEBCaIy40b9EseH7jD53cDH92a9Ei25OH0Gp\nwJdhAoIBAGs4Y6OeZ6tuDoar9dfoV5XW0GqIJtfEa4kqFTrQjV0iOTGZU5RjKziN\nyrrNErCXYVJAwbYgqqpuwBj3aH5f+olsD/xE+7He72TIIRVoUI6WAPYeCsD0LU/K\n39r1I0xrAma70bCkdmA0xFQc75n/5WEq1Wgq7zLS33bUmkxZi7d2AxGBLv0iYGSe\n8/w1snLE/0+ZB8Dr2fZ2ZFSbz3kGjXGITTGuzicOtYmoIqrDxbPtjUr0rbna37Ps\nP9bzDw0N16KbFg/SzfT6+ONAMDhDeHdKT4d2/Cck+FUIqXmZ2+aaYUN4d8hinDI0\nVXCe9spgOHOSzq14NYIjFAER5qBtBuMCggEAc52kepFDV0vc6znXmmDuzXw83K5j\nZILdgbSufuvbBPDbdUJCOttcbwDNG/PxohtuSOesBGIHa8iE1jTRV2Rj6FDbCHyV\neU8ptdSJ1l3A6ehBtsokb9eXx/FG6sma3UniTsR0FLx0G6xaEmVvXLEpxPoiiBxB\nJbldtM5ZWypLjuXGPmrKk0lizpILve9/1/PiU/rI+IDfVRdaxcZKwrBHqDwO1V7K\nrnVvZHpVc5IPRJ//N9tXEVdCs1u6tLvrncmZ8wXjOpXUNl7bI5DwKZ92FtTjd9rE\nf+ouWvOYIQHL+4STVIguRMRgZSn7HajnkFCAoUfXmST/o3Lmo2Ly/3Ffsg==\n-----END RSA PRIVATE KEY-----\n",
      "type": "string",
      "sensitive": true
    }
  },
  "resources": [
    {
      "mode": "managed",
      "type": "aws_instance",
      "name": "ansible-nodes",
      "provider": "provider[\"registry.terraform.io/hashicorp/aws\"]",
      "instances": [
        {
          "index_key": 0,
          "schema_version": 1,
          "attributes": {
            "ami": "ami-0ff30663ed13c2290",
            "arn": "arn:aws:ec2:ap-south-1:320296142536:instance/i-04b43a61e9c05b0a3",
            "associate_public_ip_address": true,
            "availability_zone": "ap-south-1a",
            "capacity_reservation_specification": [
              {
                "capacity_reservation_preference": "open",
                "capacity_reservation_target": []
              }
            ],
            "cpu_core_count": 1,
            "cpu_options": [
              {
                "amd_sev_snp": "",
                "core_count": 1,
                "threads_per_core": 1
              }
            ],
            "cpu_threads_per_core": 1,
            "credit_specification": [
              {
                "cpu_credits": "standard"
              }
            ],
            "disable_api_stop": false,
            "disable_api_termination": false,
            "ebs_block_device": [],
            "ebs_optimized": false,
            "enclave_options": [
              {
                "enabled": false
              }
            ],
            "ephemeral_block_device": [],
            "get_password_data": false,
            "hibernation": false,
            "host_id": "",
            "host_resource_group_arn": null,
            "iam_instance_profile": "",
            "id": "i-04b43a61e9c05b0a3",
            "instance_initiated_shutdown_behavior": "stop",
            "instance_lifecycle": "",
            "instance_market_options": [],
            "instance_state": "running",
            "instance_type": "t2.micro",
            "ipv6_address_count": 0,
            "ipv6_addresses": [],
            "key_name": "myterraform",
            "launch_template": [],
            "maintenance_options": [
              {
                "auto_recovery": "default"
              }
            ],
            "metadata_options": [
              {
                "http_endpoint": "enabled",
                "http_protocol_ipv6": "disabled",
                "http_put_response_hop_limit": 1,
                "http_tokens": "optional",
                "instance_metadata_tags": "disabled"
              }
            ],
            "monitoring": false,
            "network_interface": [],
            "outpost_arn": "",
            "password_data": "",
            "placement_group": "",
            "placement_partition_number": 0,
            "primary_network_interface_id": "eni-09d0009485ce038d4",
            "private_dns": "ip-10-0-1-162.ap-south-1.compute.internal",
            "private_dns_name_options": [
              {
                "enable_resource_name_dns_a_record": false,
                "enable_resource_name_dns_aaaa_record": false,
                "hostname_type": "ip-name"
              }
            ],
            "private_ip": "10.0.1.162",
            "public_dns": "",
            "public_ip": "52.66.208.30",
            "root_block_device": [
              {
                "delete_on_termination": true,
                "device_name": "/dev/xvda",
                "encrypted": false,
                "iops": 100,
                "kms_key_id": "",
                "tags": {},
                "throughput": 0,
                "volume_id": "vol-025cfbd9d73738a0c",
                "volume_size": 8,
                "volume_type": "gp2"
              }
            ],
            "secondary_private_ips": [],
            "security_groups": [
              "sg-01a8990758818df3d"
            ],
            "source_dest_check": true,
            "spot_instance_request_id": "",
            "subnet_id": "subnet-0bd5799c1614da0a2",
            "tags": {
              "Name": "ansible-node-1"
            },
            "tags_all": {
              "Name": "ansible-node-1"
            },
            "tenancy": "default",
            "timeouts": null,
            "user_data": "336d4f0e7eed6fc6923e4e5ca55648af2a83eef1",
            "user_data_base64": null,
            "user_data_replace_on_change": false,
            "volume_tags": null,
            "vpc_security_group_ids": [
              "sg-01a8990758818df3d"
            ]
          },
          "sensitive_attributes": [],
          "private": "eyJlMmJmYjczMC1lY2FhLTExZTYtOGY4OC0zNDM2M2JjN2M0YzAiOnsiY3JlYXRlIjo2MDAwMDAwMDAwMDAsImRlbGV0ZSI6MTIwMDAwMDAwMDAwMCwidXBkYXRlIjo2MDAwMDAwMDAwMDB9LCJzY2hlbWFfdmVyc2lvbiI6IjEifQ==",
          "dependencies": [
            "aws_key_pair.generated_key",
            "aws_security_group.vpc-ssh",
            "aws_subnet.vpc-dev-public-subnet-1",
            "aws_vpc.vpc-dev",
            "tls_private_key.example"
          ]
        },
        {
          "index_key": 1,
          "schema_version": 1,
          "attributes": {
            "ami": "ami-0ff30663ed13c2290",
            "arn": "arn:aws:ec2:ap-south-1:320296142536:instance/i-0fa1849b55d65470f",
            "associate_public_ip_address": true,
            "availability_zone": "ap-south-1a",
            "capacity_reservation_specification": [
              {
                "capacity_reservation_preference": "open",
                "capacity_reservation_target": []
              }
            ],
            "cpu_core_count": 1,
            "cpu_options": [
              {
                "amd_sev_snp": "",
                "core_count": 1,
                "threads_per_core": 1
              }
            ],
            "cpu_threads_per_core": 1,
            "credit_specification": [
              {
                "cpu_credits": "standard"
              }
            ],
            "disable_api_stop": false,
            "disable_api_termination": false,
            "ebs_block_device": [],
            "ebs_optimized": false,
            "enclave_options": [
              {
                "enabled": false
              }
            ],
            "ephemeral_block_device": [],
            "get_password_data": false,
            "hibernation": false,
            "host_id": "",
            "host_resource_group_arn": null,
            "iam_instance_profile": "",
            "id": "i-0fa1849b55d65470f",
            "instance_initiated_shutdown_behavior": "stop",
            "instance_lifecycle": "",
            "instance_market_options": [],
            "instance_state": "running",
            "instance_type": "t2.micro",
            "ipv6_address_count": 0,
            "ipv6_addresses": [],
            "key_name": "myterraform",
            "launch_template": [],
            "maintenance_options": [
              {
                "auto_recovery": "default"
              }
            ],
            "metadata_options": [
              {
                "http_endpoint": "enabled",
                "http_protocol_ipv6": "disabled",
                "http_put_response_hop_limit": 1,
                "http_tokens": "optional",
                "instance_metadata_tags": "disabled"
              }
            ],
            "monitoring": false,
            "network_interface": [],
            "outpost_arn": "",
            "password_data": "",
            "placement_group": "",
            "placement_partition_number": 0,
            "primary_network_interface_id": "eni-063d5154e895368e3",
            "private_dns": "ip-10-0-1-193.ap-south-1.compute.internal",
            "private_dns_name_options": [
              {
                "enable_resource_name_dns_a_record": false,
                "enable_resource_name_dns_aaaa_record": false,
                "hostname_type": "ip-name"
              }
            ],
            "private_ip": "10.0.1.193",
            "public_dns": "",
            "public_ip": "65.1.65.19",
            "root_block_device": [
              {
                "delete_on_termination": true,
                "device_name": "/dev/xvda",
                "encrypted": false,
                "iops": 100,
                "kms_key_id": "",
                "tags": {},
                "throughput": 0,
                "volume_id": "vol-0a7b2306795160a95",
                "volume_size": 8,
                "volume_type": "gp2"
              }
            ],
            "secondary_private_ips": [],
            "security_groups": [
              "sg-01a8990758818df3d"
            ],
            "source_dest_check": true,
            "spot_instance_request_id": "",
            "subnet_id": "subnet-0bd5799c1614da0a2",
            "tags": {
              "Name": "ansible-node-2"
            },
            "tags_all": {
              "Name": "ansible-node-2"
            },
            "tenancy": "default",
            "timeouts": null,
            "user_data": "336d4f0e7eed6fc6923e4e5ca55648af2a83eef1",
            "user_data_base64": null,
            "user_data_replace_on_change": false,
            "volume_tags": null,
            "vpc_security_group_ids": [
              "sg-01a8990758818df3d"
            ]
          },
          "sensitive_attributes": [],
          "private": "eyJlMmJmYjczMC1lY2FhLTExZTYtOGY4OC0zNDM2M2JjN2M0YzAiOnsiY3JlYXRlIjo2MDAwMDAwMDAwMDAsImRlbGV0ZSI6MTIwMDAwMDAwMDAwMCwidXBkYXRlIjo2MDAwMDAwMDAwMDB9LCJzY2hlbWFfdmVyc2lvbiI6IjEifQ==",
          "dependencies": [
            "aws_key_pair.generated_key",
            "aws_security_group.vpc-ssh",
            "aws_subnet.vpc-dev-public-subnet-1",
            "aws_vpc.vpc-dev",
            "tls_private_key.example"
          ]
        }
      ]
    },
    {
      "mode": "managed",
      "type": "aws_instance",
      "name": "my-demo-1",
      "provider": "provider[\"registry.terraform.io/hashicorp/aws\"]",
      "instances": [
        {
          "schema_version": 1,
          "attributes": {
            "ami": "ami-0ff30663ed13c2290",
            "arn": "arn:aws:ec2:ap-south-1:320296142536:instance/i-0d2ae12f64b093cc2",
            "associate_public_ip_address": true,
            "availability_zone": "ap-south-1a",
            "capacity_reservation_specification": [
              {
                "capacity_reservation_preference": "open",
                "capacity_reservation_target": []
              }
            ],
            "cpu_core_count": 1,
            "cpu_options": [
              {
                "amd_sev_snp": "",
                "core_count": 1,
                "threads_per_core": 1
              }
            ],
            "cpu_threads_per_core": 1,
            "credit_specification": [
              {
                "cpu_credits": "standard"
              }
            ],
            "disable_api_stop": false,
            "disable_api_termination": false,
            "ebs_block_device": [],
            "ebs_optimized": false,
            "enclave_options": [
              {
                "enabled": false
              }
            ],
            "ephemeral_block_device": [],
            "get_password_data": false,
            "hibernation": false,
            "host_id": "",
            "host_resource_group_arn": null,
            "iam_instance_profile": "",
            "id": "i-0d2ae12f64b093cc2",
            "instance_initiated_shutdown_behavior": "stop",
            "instance_lifecycle": "",
            "instance_market_options": [],
            "instance_state": "running",
            "instance_type": "t2.micro",
            "ipv6_address_count": 0,
            "ipv6_addresses": [],
            "key_name": "myterraform",
            "launch_template": [],
            "maintenance_options": [
              {
                "auto_recovery": "default"
              }
            ],
            "metadata_options": [
              {
                "http_endpoint": "enabled",
                "http_protocol_ipv6": "disabled",
                "http_put_response_hop_limit": 1,
                "http_tokens": "optional",
                "instance_metadata_tags": "disabled"
              }
            ],
            "monitoring": false,
            "network_interface": [],
            "outpost_arn": "",
            "password_data": "",
            "placement_group": "",
            "placement_partition_number": 0,
            "primary_network_interface_id": "eni-049bf5452774016a9",
            "private_dns": "ip-10-0-1-81.ap-south-1.compute.internal",
            "private_dns_name_options": [
              {
                "enable_resource_name_dns_a_record": false,
                "enable_resource_name_dns_aaaa_record": false,
                "hostname_type": "ip-name"
              }
            ],
            "private_ip": "10.0.1.81",
            "public_dns": "",
            "public_ip": "3.108.44.152",
            "root_block_device": [
              {
                "delete_on_termination": true,
                "device_name": "/dev/xvda",
                "encrypted": false,
                "iops": 100,
                "kms_key_id": "",
                "tags": {},
                "throughput": 0,
                "volume_id": "vol-0f90b74f63421f689",
                "volume_size": 8,
                "volume_type": "gp2"
              }
            ],
            "secondary_private_ips": [],
            "security_groups": [],
            "source_dest_check": true,
            "spot_instance_request_id": "",
            "subnet_id": "subnet-0bd5799c1614da0a2",
            "tags": {
              "OS": "amazon",
              "env": "test"
            },
            "tags_all": {
              "OS": "amazon",
              "env": "test"
            },
            "tenancy": "default",
            "timeouts": null,
            "user_data": "8b17eb40676699dbb12ab49aaa28ac8edbe3632e",
            "user_data_base64": null,
            "user_data_replace_on_change": false,
            "volume_tags": null,
            "vpc_security_group_ids": [
              "sg-01a8990758818df3d"
            ]
          },
          "sensitive_attributes": [],
          "private": "eyJlMmJmYjczMC1lY2FhLTExZTYtOGY4OC0zNDM2M2JjN2M0YzAiOnsiY3JlYXRlIjo2MDAwMDAwMDAwMDAsImRlbGV0ZSI6MTIwMDAwMDAwMDAwMCwidXBkYXRlIjo2MDAwMDAwMDAwMDB9LCJzY2hlbWFfdmVyc2lvbiI6IjEifQ==",
          "dependencies": [
            "aws_instance.ansible-nodes",
            "aws_key_pair.generated_key",
            "aws_security_group.vpc-ssh",
            "aws_subnet.vpc-dev-public-subnet-1",
            "aws_vpc.vpc-dev",
            "tls_private_key.example"
          ]
        }
      ]
    },
    {
      "mode": "managed",
      "type": "aws_internet_gateway",
      "name": "vpc-dev-igw",
      "provider": "provider[\"registry.terraform.io/hashicorp/aws\"]",
      "instances": [
        {
          "schema_version": 0,
          "attributes": {
            "arn": "arn:aws:ec2:ap-south-1:320296142536:internet-gateway/igw-0217bd392bfb3e6fd",
            "id": "igw-0217bd392bfb3e6fd",
            "owner_id": "320296142536",
            "tags": null,
            "tags_all": {},
            "timeouts": null,
            "vpc_id": "vpc-0417fd00fc8a9cfd5"
          },
          "sensitive_attributes": [],
          "private": "eyJlMmJmYjczMC1lY2FhLTExZTYtOGY4OC0zNDM2M2JjN2M0YzAiOnsiY3JlYXRlIjoxMjAwMDAwMDAwMDAwLCJkZWxldGUiOjEyMDAwMDAwMDAwMDAsInVwZGF0ZSI6MTIwMDAwMDAwMDAwMH19",
          "dependencies": [
            "aws_vpc.vpc-dev"
          ]
        }
      ]
    },
    {
      "mode": "managed",
      "type": "aws_key_pair",
      "name": "generated_key",
      "provider": "provider[\"registry.terraform.io/hashicorp/aws\"]",
      "instances": [
        {
          "schema_version": 1,
          "attributes": {
            "arn": "arn:aws:ec2:ap-south-1:320296142536:key-pair/myterraform",
            "fingerprint": "84:b0:29:e9:23:1c:6d:b5:89:76:88:36:4a:65:cc:85",
            "id": "myterraform",
            "key_name": "myterraform",
            "key_name_prefix": "",
            "key_pair_id": "key-03cba03f94df73c75",
            "key_type": "rsa",
            "public_key": "ssh-rsa AAAAB3NzaC1yc2EAAAADAQABAAACAQDDRsLnwHcCPT9aOY6OdDayjDg3A+JurSvAzixLGFh42schLJDj+CTOvGNuEr/J0hsX7RZg66QuoC3VqS9xrQ4Vt6GtQCSCvLUV6B2KG1+leCu+y4rE/GxSiz75VlC/AIN4OMehPwZSS/ta3NWRMeS6PxL3sSXC9E3ALLulPYJ6+MQOvLCl9GFeQsiYvNo+Q4j+wRNF0Ywmtf9EQJABIcW/ujuKDwone4vNGT2ne258l/+R6ao57fDgS//Wo9VD+2Qti1oW9i+0vjeamoyp9ldy0rYU+DNUCB7G2wtwYzVIFe8ZJqhrRrmSlckR7bBIyGkwJNTc1Aib2u4L55gXQnpT1cXP4n4nUkboq6ub8BzghtDPXHKPAG3rLRRZl+8NoidzUhxx/v8oV3wUhPxku/9XQL7PqktqTTeNYRpm+ccolfLp5eBJRMqomDzK9h5FAtMebadppcSJwMpMpk2NSkLMyTk7+HF+BA/t5hSqE2O8qCL5xfUujAUWeaMaKrq0TubTRZZcmms4RxkAlGAYWgKHEuRpN81x92QXXiQf9znKPBP2uDBS2m4YL/ET/JRFRtrH9FSLS5XY+e2LTzD1dnZEN6cDSsSqHHYcX2TEb8dEYxTCveFC+VqPvMQjebDCPPQryk8uKnvGfeQ6dkUnkys3N7WxMECmbBbcPTj0Llv/nw==",
            "tags": null,
            "tags_all": {}
          },
          "sensitive_attributes": [],
          "private": "eyJzY2hlbWFfdmVyc2lvbiI6IjEifQ==",
          "dependencies": [
            "tls_private_key.example"
          ]
        }
      ]
    },
    {
      "mode": "managed",
      "type": "aws_route",
      "name": "vpc-dev-public-route",
      "provider": "provider[\"registry.terraform.io/hashicorp/aws\"]",
      "instances": [
        {
          "schema_version": 0,
          "attributes": {
            "carrier_gateway_id": "",
            "core_network_arn": "",
            "destination_cidr_block": "0.0.0.0/0",
            "destination_ipv6_cidr_block": "",
            "destination_prefix_list_id": "",
            "egress_only_gateway_id": "",
            "gateway_id": "igw-0217bd392bfb3e6fd",
            "id": "r-rtb-066659dbcb4f43a6b1080289494",
            "instance_id": "",
            "instance_owner_id": "",
            "local_gateway_id": "",
            "nat_gateway_id": "",
            "network_interface_id": "",
            "origin": "CreateRoute",
            "route_table_id": "rtb-066659dbcb4f43a6b",
            "state": "active",
            "timeouts": null,
            "transit_gateway_id": "",
            "vpc_endpoint_id": "",
            "vpc_peering_connection_id": ""
          },
          "sensitive_attributes": [],
          "private": "eyJlMmJmYjczMC1lY2FhLTExZTYtOGY4OC0zNDM2M2JjN2M0YzAiOnsiY3JlYXRlIjozMDAwMDAwMDAwMDAsImRlbGV0ZSI6MzAwMDAwMDAwMDAwLCJ1cGRhdGUiOjEyMDAwMDAwMDAwMH19",
          "dependencies": [
            "aws_internet_gateway.vpc-dev-igw",
            "aws_route_table.vpc-dev-public-route-table",
            "aws_vpc.vpc-dev"
          ]
        }
      ]
    },
    {
      "mode": "managed",
      "type": "aws_route_table",
      "name": "vpc-dev-public-route-table",
      "provider": "provider[\"registry.terraform.io/hashicorp/aws\"]",
      "instances": [
        {
          "schema_version": 0,
          "attributes": {
            "arn": "arn:aws:ec2:ap-south-1:320296142536:route-table/rtb-066659dbcb4f43a6b",
            "id": "rtb-066659dbcb4f43a6b",
            "owner_id": "320296142536",
            "propagating_vgws": [],
            "route": [],
            "tags": null,
            "tags_all": {},
            "timeouts": null,
            "vpc_id": "vpc-0417fd00fc8a9cfd5"
          },
          "sensitive_attributes": [],
          "private": "eyJlMmJmYjczMC1lY2FhLTExZTYtOGY4OC0zNDM2M2JjN2M0YzAiOnsiY3JlYXRlIjozMDAwMDAwMDAwMDAsImRlbGV0ZSI6MzAwMDAwMDAwMDAwLCJ1cGRhdGUiOjEyMDAwMDAwMDAwMH19",
          "dependencies": [
            "aws_vpc.vpc-dev"
          ]
        }
      ]
    },
    {
      "mode": "managed",
      "type": "aws_route_table_association",
      "name": "vpc-dev-public-route-table-associate",
      "provider": "provider[\"registry.terraform.io/hashicorp/aws\"]",
      "instances": [
        {
          "schema_version": 0,
          "attributes": {
            "gateway_id": "",
            "id": "rtbassoc-0649d1a6ecdf59878",
            "route_table_id": "rtb-066659dbcb4f43a6b",
            "subnet_id": "subnet-0bd5799c1614da0a2",
            "timeouts": null
          },
          "sensitive_attributes": [],
          "private": "eyJlMmJmYjczMC1lY2FhLTExZTYtOGY4OC0zNDM2M2JjN2M0YzAiOnsiY3JlYXRlIjozMDAwMDAwMDAwMDAsImRlbGV0ZSI6MzAwMDAwMDAwMDAwLCJ1cGRhdGUiOjEyMDAwMDAwMDAwMH19",
          "dependencies": [
            "aws_route_table.vpc-dev-public-route-table",
            "aws_subnet.vpc-dev-public-subnet-1",
            "aws_vpc.vpc-dev"
          ]
        }
      ]
    },
    {
      "mode": "managed",
      "type": "aws_security_group",
      "name": "vpc-ssh",
      "provider": "provider[\"registry.terraform.io/hashicorp/aws\"]",
      "instances": [
        {
          "schema_version": 1,
          "attributes": {
            "arn": "arn:aws:ec2:ap-south-1:320296142536:security-group/sg-01a8990758818df3d",
            "description": "Dev VPC SSH",
            "egress": [
              {
                "cidr_blocks": [
                  "0.0.0.0/0"
                ],
                "description": "Allow all IP and Ports Outbound",
                "from_port": 0,
                "ipv6_cidr_blocks": [],
                "prefix_list_ids": [],
                "protocol": "-1",
                "security_groups": [],
                "self": false,
                "to_port": 0
              }
            ],
            "id": "sg-01a8990758818df3d",
            "ingress": [
              {
                "cidr_blocks": [
                  "0.0.0.0/0"
                ],
                "description": "Allow Port 22",
                "from_port": 22,
                "ipv6_cidr_blocks": [],
                "prefix_list_ids": [],
                "protocol": "tcp",
                "security_groups": [],
                "self": false,
                "to_port": 22
              },
              {
                "cidr_blocks": [
                  "0.0.0.0/0"
                ],
                "description": "Allow Port 80",
                "from_port": 80,
                "ipv6_cidr_blocks": [],
                "prefix_list_ids": [],
                "protocol": "tcp",
                "security_groups": [],
                "self": false,
                "to_port": 80
              }
            ],
            "name": "terraform-20230925110236733900000001",
            "name_prefix": "terraform-",
            "owner_id": "320296142536",
            "revoke_rules_on_delete": false,
            "tags": null,
            "tags_all": {},
            "timeouts": null,
            "vpc_id": "vpc-0417fd00fc8a9cfd5"
          },
          "sensitive_attributes": [],
          "private": "eyJlMmJmYjczMC1lY2FhLTExZTYtOGY4OC0zNDM2M2JjN2M0YzAiOnsiY3JlYXRlIjo2MDAwMDAwMDAwMDAsImRlbGV0ZSI6OTAwMDAwMDAwMDAwfSwic2NoZW1hX3ZlcnNpb24iOiIxIn0=",
          "dependencies": [
            "aws_vpc.vpc-dev"
          ]
        }
      ]
    },
    {
      "mode": "managed",
      "type": "aws_subnet",
      "name": "vpc-dev-public-subnet-1",
      "provider": "provider[\"registry.terraform.io/hashicorp/aws\"]",
      "instances": [
        {
          "schema_version": 1,
          "attributes": {
            "arn": "arn:aws:ec2:ap-south-1:320296142536:subnet/subnet-0bd5799c1614da0a2",
            "assign_ipv6_address_on_creation": false,
            "availability_zone": "ap-south-1a",
            "availability_zone_id": "aps1-az1",
            "cidr_block": "10.0.1.0/24",
            "customer_owned_ipv4_pool": "",
            "enable_dns64": false,
            "enable_lni_at_device_index": 0,
            "enable_resource_name_dns_a_record_on_launch": false,
            "enable_resource_name_dns_aaaa_record_on_launch": false,
            "id": "subnet-0bd5799c1614da0a2",
            "ipv6_cidr_block": "",
            "ipv6_cidr_block_association_id": "",
            "ipv6_native": false,
            "map_customer_owned_ip_on_launch": false,
            "map_public_ip_on_launch": true,
            "outpost_arn": "",
            "owner_id": "320296142536",
            "private_dns_hostname_type_on_launch": "ip-name",
            "tags": null,
            "tags_all": {},
            "timeouts": null,
            "vpc_id": "vpc-0417fd00fc8a9cfd5"
          },
          "sensitive_attributes": [],
          "private": "eyJlMmJmYjczMC1lY2FhLTExZTYtOGY4OC0zNDM2M2JjN2M0YzAiOnsiY3JlYXRlIjo2MDAwMDAwMDAwMDAsImRlbGV0ZSI6MTIwMDAwMDAwMDAwMH0sInNjaGVtYV92ZXJzaW9uIjoiMSJ9",
          "dependencies": [
            "aws_vpc.vpc-dev"
          ]
        }
      ]
    },
    {
      "mode": "managed",
      "type": "aws_vpc",
      "name": "vpc-dev",
      "provider": "provider[\"registry.terraform.io/hashicorp/aws\"]",
      "instances": [
        {
          "schema_version": 1,
          "attributes": {
            "arn": "arn:aws:ec2:ap-south-1:320296142536:vpc/vpc-0417fd00fc8a9cfd5",
            "assign_generated_ipv6_cidr_block": false,
            "cidr_block": "10.0.0.0/16",
            "default_network_acl_id": "acl-0d18933136f4c3b5a",
            "default_route_table_id": "rtb-0eb49da7b0b30b7ec",
            "default_security_group_id": "sg-0b9b062547bba9df7",
            "dhcp_options_id": "dopt-0f1bc69f15d80eefd",
            "enable_dns_hostnames": false,
            "enable_dns_support": true,
            "enable_network_address_usage_metrics": false,
            "id": "vpc-0417fd00fc8a9cfd5",
            "instance_tenancy": "default",
            "ipv4_ipam_pool_id": null,
            "ipv4_netmask_length": null,
            "ipv6_association_id": "",
            "ipv6_cidr_block": "",
            "ipv6_cidr_block_network_border_group": "",
            "ipv6_ipam_pool_id": "",
            "ipv6_netmask_length": 0,
            "main_route_table_id": "rtb-0eb49da7b0b30b7ec",
            "owner_id": "320296142536",
            "tags": {
              "Name": "vpc-dev"
            },
            "tags_all": {
              "Name": "vpc-dev"
            }
          },
          "sensitive_attributes": [],
          "private": "eyJzY2hlbWFfdmVyc2lvbiI6IjEifQ=="
        }
      ]
    },
    {
      "mode": "managed",
      "type": "tls_private_key",
      "name": "example",
      "provider": "provider[\"registry.terraform.io/hashicorp/tls\"]",
      "instances": [
        {
          "schema_version": 1,
          "attributes": {
            "algorithm": "RSA",
            "ecdsa_curve": "P224",
            "id": "a7960543554f079f848715c91de06f16d7d221ff",
            "private_key_openssh": "-----BEGIN OPENSSH PRIVATE KEY-----\nb3BlbnNzaC1rZXktdjEAAAAABG5vbmUAAAAEbm9uZQAAAAAAAAABAAACFwAAAAdz\nc2gtcnNhAAAAAwEAAQAAAgEAw0bC58B3Aj0/WjmOjnQ2sow4NwPibq0rwM4sSxhY\neNrHISyQ4/gkzrxjbhK/ydIbF+0WYOukLqAt1akvca0OFbehrUAkgry1Fegdihtf\npXgrvsuKxPxsUos++VZQvwCDeDjHoT8GUkv7WtzVkTHkuj8S97ElwvRNwCy7pT2C\nevjEDrywpfRhXkLImLzaPkOI/sETRdGMJrX/RECQASHFv7o7ig8KJ3uLzRk9p3tu\nfJf/kemqOe3w4Ev/1qPVQ/tkLYtaFvYvtL43mpqMqfZXctK2FPgzVAgextsLcGM1\nSBXvGSaoa0a5kpXJEe2wSMhpMCTU3NQIm9ruC+eYF0J6U9XFz+J+J1JG6Kurm/Ac\n4IbQz1xyjwBt6y0UWZfvDaInc1Iccf7/KFd8FIT8ZLv/V0C+z6pLak03jWEaZvnH\nKJXy6eXgSUTKqJg8yvYeRQLTHm2naaXEicDKTKZNjUpCzMk5O/hxfgQP7eYUqhNj\nvKgi+cX1LowFFnmjGiq6tE7m00WWXJprOEcZAJRgGFoChxLkaTfNcfdkF14kH/c5\nyjwT9rgwUtpuGC/xE/yURUbax/RUi0uV2Pnti08w9XZ2RDenA0rEqhx2HF9kxG/H\nRGMUwr3hQvlaj7zEI3mwwjz0K8pPLip7xn3kOnZFJ5MrNze1sTBApmwW3D049C5b\n/58AAAc4YG8Li2BvC4sAAAAHc3NoLXJzYQAAAgEAw0bC58B3Aj0/WjmOjnQ2sow4\nNwPibq0rwM4sSxhYeNrHISyQ4/gkzrxjbhK/ydIbF+0WYOukLqAt1akvca0OFbeh\nrUAkgry1FegdihtfpXgrvsuKxPxsUos++VZQvwCDeDjHoT8GUkv7WtzVkTHkuj8S\n97ElwvRNwCy7pT2CevjEDrywpfRhXkLImLzaPkOI/sETRdGMJrX/RECQASHFv7o7\nig8KJ3uLzRk9p3tufJf/kemqOe3w4Ev/1qPVQ/tkLYtaFvYvtL43mpqMqfZXctK2\nFPgzVAgextsLcGM1SBXvGSaoa0a5kpXJEe2wSMhpMCTU3NQIm9ruC+eYF0J6U9XF\nz+J+J1JG6Kurm/Ac4IbQz1xyjwBt6y0UWZfvDaInc1Iccf7/KFd8FIT8ZLv/V0C+\nz6pLak03jWEaZvnHKJXy6eXgSUTKqJg8yvYeRQLTHm2naaXEicDKTKZNjUpCzMk5\nO/hxfgQP7eYUqhNjvKgi+cX1LowFFnmjGiq6tE7m00WWXJprOEcZAJRgGFoChxLk\naTfNcfdkF14kH/c5yjwT9rgwUtpuGC/xE/yURUbax/RUi0uV2Pnti08w9XZ2RDen\nA0rEqhx2HF9kxG/HRGMUwr3hQvlaj7zEI3mwwjz0K8pPLip7xn3kOnZFJ5MrNze1\nsTBApmwW3D049C5b/58AAAADAQABAAACAE0kjSbEj78gtwBLsJdyLZGHd0W0kSUr\n4BcA29qmuXy04OmoE20bwF6zaYw4d++gwvdGwAp1zJxmxvSbK5T6yo+lxYcNyd6j\n8d2/nrvKaJSTzqRHAIElPx20yKHziV6LM2Sw+Zwnq7WjMp8Iko4Tacpx1GppXwOP\nQ4/hnBeBHyS5VaqEvDwzOKvmMhy0rnrebyZE2/o+9+DrEPbDkp//2YEObyrxGg/S\n7L2PdR3O0y0BVwMrjgXoi7nwDBedDUkX7NFZNbPQebQrWQgIef1CxfUkbK4IBy7x\nLkdcjT5O0uOxVo1XCj2m6PSRm6crgPKfyX4tbrH2SZhYeqXVTe4SYwQ9cHjfv29H\nrW/BBxLh//u50qlvnoag8vn6cvj1kWGXHkNRxEGxD/beDZOW2VgjHZhc9BSeKKv/\n6uyoMW8RaOkfeaRX7x/MWlTgYD+ZvYF7hWiL+QebN5oTYG7I8DRrZjoDU+LP/GTU\n0GW/nTVaxTGY32V9YMNNrXsSNV/4FVVdRRPGR838qnOUxQGkir2XzoD1y1/sSpCJ\n7KxVhYKU2AmRCVd5YyqiOe85A1a5avzhx8k0FUWtTVpUzMcq4jGG9WfhZIoXCvBN\ndptRWe0f1wZnh0pEicuazv5qLd58pOXUNjF4H20DcVgQzJrRvOFYad1a2RvQ1BMh\n4c0fPwndDVWBAAABAHOdpHqRQ1dL3Os515pg7s18PNyuY2SC3YG0rn7r2wTw23VC\nQjrbXG8AzRvz8aIbbkjnrARiB2vIhNY00VdkY+hQ2wh8lXlPKbXUidZdwOnoQbbK\nJG/Xl8fxRurJmt1J4k7EdBS8dBusWhJlb1yxKcT6IogcQSW5XbTOWVsqS47lxj5q\nypNJYs6SC73vf9fz4lP6yPiA31UXWsXGSsKwR6g8DtVeyq51b2R6VXOSD0Sf/zfb\nVxFXQrNburS7653JmfMF4zqV1DZe2yOQ8CmfdhbU43faxH/qLlrzmCEBy/uEk1SI\nLkTEYGUp+x2o55BQgKFH15kk/6Ny5qNi8v9xX7IAAAEBAMV7sbPO5nPxrej7uuzy\nkVY7UGs8ur3Cz21TeYX9BmB3PLpgLpZwMRe46pFcZhlAA6DfD6RCQPUHw2fO6YJZ\ns5xsbHHEaC542dmyca0eNkQPuN1JiuDzcaikygW1TAXCd2+Co60VnSpqf5NNqPet\nTTO0LCx3eXppScBh2sNCfpRGqKuWhWcffrjOFzSwoWezGU+nhlMjrxjDp7eRfS29\nLoEXOxWjFWJxrBYdVqPF3s/dLsbqy7s2lGkuGzWBPxW90oykKlHDQNtMJGZKQ/SW\n0ZEmSNDvwQH9ihmiIBDXQ5tH9puYG1rBY+M28huz9D3NxvPCLp1N4k1VV0HWtnh7\nJKEAAAEBAP0jq5kitxQJkoB9GFrNx778p5lOcqGyI7Rkge5ddbNSkda54DL4Dljk\nqvxWQpTY9iNXH0MmjApg/GQ5AcJrFBuwz/uegJDZqAkk4OOeHWimXWwfGvv1xAlo\njJnDIre1sd3qqeVw/bD+k1L3NWVpivFZC8SAVK0jjesQ7ubLUGGM39/fP0bUg0dK\ngxO962becOdxwBIuvxZsKmm+UetqjH4HWPw1rACsBMMViXJ/gsvSrLy0gPyx2x5Q\nI5cmx40/K2BVODfIuEuOnuH5HYZIN4Gk5FJu3b2Xgdu6mSDfAenLoopeMGNA2M3F\nePChWMa/m9g6FX2IMZmxpjH7z3BQfD8AAAAAAQID\n-----END OPENSSH PRIVATE KEY-----\n",
            "private_key_pem": "-----BEGIN RSA PRIVATE KEY-----\nMIIJJwIBAAKCAgEAw0bC58B3Aj0/WjmOjnQ2sow4NwPibq0rwM4sSxhYeNrHISyQ\n4/gkzrxjbhK/ydIbF+0WYOukLqAt1akvca0OFbehrUAkgry1FegdihtfpXgrvsuK\nxPxsUos++VZQvwCDeDjHoT8GUkv7WtzVkTHkuj8S97ElwvRNwCy7pT2CevjEDryw\npfRhXkLImLzaPkOI/sETRdGMJrX/RECQASHFv7o7ig8KJ3uLzRk9p3tufJf/kemq\nOe3w4Ev/1qPVQ/tkLYtaFvYvtL43mpqMqfZXctK2FPgzVAgextsLcGM1SBXvGSao\na0a5kpXJEe2wSMhpMCTU3NQIm9ruC+eYF0J6U9XFz+J+J1JG6Kurm/Ac4IbQz1xy\njwBt6y0UWZfvDaInc1Iccf7/KFd8FIT8ZLv/V0C+z6pLak03jWEaZvnHKJXy6eXg\nSUTKqJg8yvYeRQLTHm2naaXEicDKTKZNjUpCzMk5O/hxfgQP7eYUqhNjvKgi+cX1\nLowFFnmjGiq6tE7m00WWXJprOEcZAJRgGFoChxLkaTfNcfdkF14kH/c5yjwT9rgw\nUtpuGC/xE/yURUbax/RUi0uV2Pnti08w9XZ2RDenA0rEqhx2HF9kxG/HRGMUwr3h\nQvlaj7zEI3mwwjz0K8pPLip7xn3kOnZFJ5MrNze1sTBApmwW3D049C5b/58CAwEA\nAQKCAgBNJI0mxI+/ILcAS7CXci2Rh3dFtJElK+AXANvaprl8tODpqBNtG8Bes2mM\nOHfvoML3RsAKdcycZsb0myuU+sqPpcWHDcneo/Hdv567ymiUk86kRwCBJT8dtMih\n84leizNksPmcJ6u1ozKfCJKOE2nKcdRqaV8Dj0OP4ZwXgR8kuVWqhLw8Mzir5jIc\ntK563m8mRNv6Pvfg6xD2w5Kf/9mBDm8q8RoP0uy9j3UdztMtAVcDK44F6Iu58AwX\nnQ1JF+zRWTWz0Hm0K1kICHn9QsX1JGyuCAcu8S5HXI0+TtLjsVaNVwo9puj0kZun\nK4Dyn8l+LW6x9kmYWHql1U3uEmMEPXB4379vR61vwQcS4f/7udKpb56GoPL5+nL4\n9ZFhlx5DUcRBsQ/23g2TltlYIx2YXPQUniir/+rsqDFvEWjpH3mkV+8fzFpU4GA/\nmb2Be4Voi/kHmzeaE2BuyPA0a2Y6A1Piz/xk1NBlv501WsUxmN9lfWDDTa17EjVf\n+BVVXUUTxkfN/KpzlMUBpIq9l86A9ctf7EqQieysVYWClNgJkQlXeWMqojnvOQNW\nuWr84cfJNBVFrU1aVMzHKuIxhvVn4WSKFwrwTXabUVntH9cGZ4dKRInLms7+ai3e\nfKTl1DYxeB9tA3FYEMya0bzhWGndWtkb0NQTIeHNHz8J3Q1VgQKCAQEAxXuxs87m\nc/Gt6Pu67PKRVjtQazy6vcLPbVN5hf0GYHc8umAulnAxF7jqkVxmGUADoN8PpEJA\n9QfDZ87pglmznGxsccRoLnjZ2bJxrR42RA+43UmK4PNxqKTKBbVMBcJ3b4KjrRWd\nKmp/k02o961NM7QsLHd5emlJwGHaw0J+lEaoq5aFZx9+uM4XNLChZ7MZT6eGUyOv\nGMOnt5F9Lb0ugRc7FaMVYnGsFh1Wo8Xez90uxurLuzaUaS4bNYE/Fb3SjKQqUcNA\n20wkZkpD9JbRkSZI0O/BAf2KGaIgENdDm0f2m5gbWsFj4zbyG7P0Pc3G88IunU3i\nTVVXQda2eHskoQKCAQEA/SOrmSK3FAmSgH0YWs3HvvynmU5yobIjtGSB7l11s1KR\n1rngMvgOWOSq/FZClNj2I1cfQyaMCmD8ZDkBwmsUG7DP+56AkNmoCSTg454daKZd\nbB8a+/XECWiMmcMit7Wx3eqp5XD9sP6TUvc1ZWmK8VkLxIBUrSON6xDu5stQYYzf\n398/RtSDR0qDE73rZt5w53HAEi6/Fmwqab5R62qMfgdY/DWsAKwEwxWJcn+Cy9Ks\nvLSA/LHbHlAjlybHjT8rYFU4N8i4S46e4fkdhkg3gaTkUm7dvZeB27qZIN8B6cui\nil4wY0DYzcV48KFYxr+b2DoVfYgxmbGmMfvPcFB8PwKCAQASzM7C/lxkB0r2Fhja\ne9EoM2dZfiOM8yHKF5tHDSpxPoiyeXuV6MJTrs/t3Kz/lF+EDhgwG/qRGRcaJ9GF\nDkMSDiRYxEjiu7CJj/pQb8Lcwd5oeprVBXf5hQ6Scor1NWknXXl1fcxDgHX6sPb3\n9TCXTnyyEwGmjKVvwiEQW6EvPnbKNv8mLRJkR4JgCryi4aL0OU+JVKlTozSxPhF7\nrDnkIjEGw0rC321xgYOA/dJTWYwddbbFcNG6HaCLfG1kBXko2GwK8pqXBe2lK0bC\n3yS+O7XM5jYqmVdvT0bcM5IFE1m/wEBCaIy40b9EseH7jD53cDH92a9Ei25OH0Gp\nwJdhAoIBAGs4Y6OeZ6tuDoar9dfoV5XW0GqIJtfEa4kqFTrQjV0iOTGZU5RjKziN\nyrrNErCXYVJAwbYgqqpuwBj3aH5f+olsD/xE+7He72TIIRVoUI6WAPYeCsD0LU/K\n39r1I0xrAma70bCkdmA0xFQc75n/5WEq1Wgq7zLS33bUmkxZi7d2AxGBLv0iYGSe\n8/w1snLE/0+ZB8Dr2fZ2ZFSbz3kGjXGITTGuzicOtYmoIqrDxbPtjUr0rbna37Ps\nP9bzDw0N16KbFg/SzfT6+ONAMDhDeHdKT4d2/Cck+FUIqXmZ2+aaYUN4d8hinDI0\nVXCe9spgOHOSzq14NYIjFAER5qBtBuMCggEAc52kepFDV0vc6znXmmDuzXw83K5j\nZILdgbSufuvbBPDbdUJCOttcbwDNG/PxohtuSOesBGIHa8iE1jTRV2Rj6FDbCHyV\neU8ptdSJ1l3A6ehBtsokb9eXx/FG6sma3UniTsR0FLx0G6xaEmVvXLEpxPoiiBxB\nJbldtM5ZWypLjuXGPmrKk0lizpILve9/1/PiU/rI+IDfVRdaxcZKwrBHqDwO1V7K\nrnVvZHpVc5IPRJ//N9tXEVdCs1u6tLvrncmZ8wXjOpXUNl7bI5DwKZ92FtTjd9rE\nf+ouWvOYIQHL+4STVIguRMRgZSn7HajnkFCAoUfXmST/o3Lmo2Ly/3Ffsg==\n-----END RSA PRIVATE KEY-----\n",
            "private_key_pem_pkcs8": "-----BEGIN PRIVATE KEY-----\nMIIJQQIBADANBgkqhkiG9w0BAQEFAASCCSswggknAgEAAoICAQDDRsLnwHcCPT9a\nOY6OdDayjDg3A+JurSvAzixLGFh42schLJDj+CTOvGNuEr/J0hsX7RZg66QuoC3V\nqS9xrQ4Vt6GtQCSCvLUV6B2KG1+leCu+y4rE/GxSiz75VlC/AIN4OMehPwZSS/ta\n3NWRMeS6PxL3sSXC9E3ALLulPYJ6+MQOvLCl9GFeQsiYvNo+Q4j+wRNF0Ywmtf9E\nQJABIcW/ujuKDwone4vNGT2ne258l/+R6ao57fDgS//Wo9VD+2Qti1oW9i+0vjea\nmoyp9ldy0rYU+DNUCB7G2wtwYzVIFe8ZJqhrRrmSlckR7bBIyGkwJNTc1Aib2u4L\n55gXQnpT1cXP4n4nUkboq6ub8BzghtDPXHKPAG3rLRRZl+8NoidzUhxx/v8oV3wU\nhPxku/9XQL7PqktqTTeNYRpm+ccolfLp5eBJRMqomDzK9h5FAtMebadppcSJwMpM\npk2NSkLMyTk7+HF+BA/t5hSqE2O8qCL5xfUujAUWeaMaKrq0TubTRZZcmms4RxkA\nlGAYWgKHEuRpN81x92QXXiQf9znKPBP2uDBS2m4YL/ET/JRFRtrH9FSLS5XY+e2L\nTzD1dnZEN6cDSsSqHHYcX2TEb8dEYxTCveFC+VqPvMQjebDCPPQryk8uKnvGfeQ6\ndkUnkys3N7WxMECmbBbcPTj0Llv/nwIDAQABAoICAE0kjSbEj78gtwBLsJdyLZGH\nd0W0kSUr4BcA29qmuXy04OmoE20bwF6zaYw4d++gwvdGwAp1zJxmxvSbK5T6yo+l\nxYcNyd6j8d2/nrvKaJSTzqRHAIElPx20yKHziV6LM2Sw+Zwnq7WjMp8Iko4Tacpx\n1GppXwOPQ4/hnBeBHyS5VaqEvDwzOKvmMhy0rnrebyZE2/o+9+DrEPbDkp//2YEO\nbyrxGg/S7L2PdR3O0y0BVwMrjgXoi7nwDBedDUkX7NFZNbPQebQrWQgIef1CxfUk\nbK4IBy7xLkdcjT5O0uOxVo1XCj2m6PSRm6crgPKfyX4tbrH2SZhYeqXVTe4SYwQ9\ncHjfv29HrW/BBxLh//u50qlvnoag8vn6cvj1kWGXHkNRxEGxD/beDZOW2VgjHZhc\n9BSeKKv/6uyoMW8RaOkfeaRX7x/MWlTgYD+ZvYF7hWiL+QebN5oTYG7I8DRrZjoD\nU+LP/GTU0GW/nTVaxTGY32V9YMNNrXsSNV/4FVVdRRPGR838qnOUxQGkir2XzoD1\ny1/sSpCJ7KxVhYKU2AmRCVd5YyqiOe85A1a5avzhx8k0FUWtTVpUzMcq4jGG9Wfh\nZIoXCvBNdptRWe0f1wZnh0pEicuazv5qLd58pOXUNjF4H20DcVgQzJrRvOFYad1a\n2RvQ1BMh4c0fPwndDVWBAoIBAQDFe7GzzuZz8a3o+7rs8pFWO1BrPLq9ws9tU3mF\n/QZgdzy6YC6WcDEXuOqRXGYZQAOg3w+kQkD1B8NnzumCWbOcbGxxxGgueNnZsnGt\nHjZED7jdSYrg83GopMoFtUwFwndvgqOtFZ0qan+TTaj3rU0ztCwsd3l6aUnAYdrD\nQn6URqirloVnH364zhc0sKFnsxlPp4ZTI68Yw6e3kX0tvS6BFzsVoxVicawWHVaj\nxd7P3S7G6su7NpRpLhs1gT8VvdKMpCpRw0DbTCRmSkP0ltGRJkjQ78EB/YoZoiAQ\n10ObR/abmBtawWPjNvIbs/Q9zcbzwi6dTeJNVVdB1rZ4eyShAoIBAQD9I6uZIrcU\nCZKAfRhazce+/KeZTnKhsiO0ZIHuXXWzUpHWueAy+A5Y5Kr8VkKU2PYjVx9DJowK\nYPxkOQHCaxQbsM/7noCQ2agJJODjnh1opl1sHxr79cQJaIyZwyK3tbHd6qnlcP2w\n/pNS9zVlaYrxWQvEgFStI43rEO7my1BhjN/f3z9G1INHSoMTvetm3nDnccASLr8W\nbCppvlHraox+B1j8NawArATDFYlyf4LL0qy8tID8sdseUCOXJseNPytgVTg3yLhL\njp7h+R2GSDeBpORSbt29l4Hbupkg3wHpy6KKXjBjQNjNxXjwoVjGv5vYOhV9iDGZ\nsaYx+89wUHw/AoIBABLMzsL+XGQHSvYWGNp70SgzZ1l+I4zzIcoXm0cNKnE+iLJ5\ne5XowlOuz+3crP+UX4QOGDAb+pEZFxon0YUOQxIOJFjESOK7sImP+lBvwtzB3mh6\nmtUFd/mFDpJyivU1aSddeXV9zEOAdfqw9vf1MJdOfLITAaaMpW/CIRBboS8+dso2\n/yYtEmRHgmAKvKLhovQ5T4lUqVOjNLE+EXusOeQiMQbDSsLfbXGBg4D90lNZjB11\ntsVw0bodoIt8bWQFeSjYbArympcF7aUrRsLfJL47tczmNiqZV29PRtwzkgUTWb/A\nQEJojLjRv0Sx4fuMPndwMf3Zr0SLbk4fQanAl2ECggEAazhjo55nq24Ohqv11+hX\nldbQaogm18RriSoVOtCNXSI5MZlTlGMrOI3Kus0SsJdhUkDBtiCqqm7AGPdofl/6\niWwP/ET7sd7vZMghFWhQjpYA9h4KwPQtT8rf2vUjTGsCZrvRsKR2YDTEVBzvmf/l\nYSrVaCrvMtLfdtSaTFmLt3YDEYEu/SJgZJ7z/DWycsT/T5kHwOvZ9nZkVJvPeQaN\ncYhNMa7OJw61iagiqsPFs+2NSvStudrfs+w/1vMPDQ3XopsWD9LN9Pr440AwOEN4\nd0pPh3b8JyT4VQipeZnb5pphQ3h3yGKcMjRVcJ72ymA4c5LOrXg1giMUARHmoG0G\n4wKCAQBznaR6kUNXS9zrOdeaYO7NfDzcrmNkgt2BtK5+69sE8Nt1QkI621xvAM0b\n8/GiG25I56wEYgdryITWNNFXZGPoUNsIfJV5Tym11InWXcDp6EG2yiRv15fH8Ubq\nyZrdSeJOxHQUvHQbrFoSZW9csSnE+iKIHEEluV20zllbKkuO5cY+asqTSWLOkgu9\n73/X8+JT+sj4gN9VF1rFxkrCsEeoPA7VXsqudW9kelVzkg9En/8321cRV0KzW7q0\nu+udyZnzBeM6ldQ2XtsjkPApn3YW1ON32sR/6i5a85ghAcv7hJNUiC5ExGBlKfsd\nqOeQUIChR9eZJP+jcuajYvL/cV+y\n-----END PRIVATE KEY-----\n",
            "public_key_fingerprint_md5": "08:85:8e:c9:36:78:7a:24:ff:49:11:f5:c8:2e:30:fb",
            "public_key_fingerprint_sha256": "SHA256:79a3YyVPR9Yo184PTaQHr7rrDOP9OOeCWxlqcHs7/uI",
            "public_key_openssh": "ssh-rsa AAAAB3NzaC1yc2EAAAADAQABAAACAQDDRsLnwHcCPT9aOY6OdDayjDg3A+JurSvAzixLGFh42schLJDj+CTOvGNuEr/J0hsX7RZg66QuoC3VqS9xrQ4Vt6GtQCSCvLUV6B2KG1+leCu+y4rE/GxSiz75VlC/AIN4OMehPwZSS/ta3NWRMeS6PxL3sSXC9E3ALLulPYJ6+MQOvLCl9GFeQsiYvNo+Q4j+wRNF0Ywmtf9EQJABIcW/ujuKDwone4vNGT2ne258l/+R6ao57fDgS//Wo9VD+2Qti1oW9i+0vjeamoyp9ldy0rYU+DNUCB7G2wtwYzVIFe8ZJqhrRrmSlckR7bBIyGkwJNTc1Aib2u4L55gXQnpT1cXP4n4nUkboq6ub8BzghtDPXHKPAG3rLRRZl+8NoidzUhxx/v8oV3wUhPxku/9XQL7PqktqTTeNYRpm+ccolfLp5eBJRMqomDzK9h5FAtMebadppcSJwMpMpk2NSkLMyTk7+HF+BA/t5hSqE2O8qCL5xfUujAUWeaMaKrq0TubTRZZcmms4RxkAlGAYWgKHEuRpN81x92QXXiQf9znKPBP2uDBS2m4YL/ET/JRFRtrH9FSLS5XY+e2LTzD1dnZEN6cDSsSqHHYcX2TEb8dEYxTCveFC+VqPvMQjebDCPPQryk8uKnvGfeQ6dkUnkys3N7WxMECmbBbcPTj0Llv/nw==\n",
            "public_key_pem": "-----BEGIN PUBLIC KEY-----\nMIICIjANBgkqhkiG9w0BAQEFAAOCAg8AMIICCgKCAgEAw0bC58B3Aj0/WjmOjnQ2\nsow4NwPibq0rwM4sSxhYeNrHISyQ4/gkzrxjbhK/ydIbF+0WYOukLqAt1akvca0O\nFbehrUAkgry1FegdihtfpXgrvsuKxPxsUos++VZQvwCDeDjHoT8GUkv7WtzVkTHk\nuj8S97ElwvRNwCy7pT2CevjEDrywpfRhXkLImLzaPkOI/sETRdGMJrX/RECQASHF\nv7o7ig8KJ3uLzRk9p3tufJf/kemqOe3w4Ev/1qPVQ/tkLYtaFvYvtL43mpqMqfZX\nctK2FPgzVAgextsLcGM1SBXvGSaoa0a5kpXJEe2wSMhpMCTU3NQIm9ruC+eYF0J6\nU9XFz+J+J1JG6Kurm/Ac4IbQz1xyjwBt6y0UWZfvDaInc1Iccf7/KFd8FIT8ZLv/\nV0C+z6pLak03jWEaZvnHKJXy6eXgSUTKqJg8yvYeRQLTHm2naaXEicDKTKZNjUpC\nzMk5O/hxfgQP7eYUqhNjvKgi+cX1LowFFnmjGiq6tE7m00WWXJprOEcZAJRgGFoC\nhxLkaTfNcfdkF14kH/c5yjwT9rgwUtpuGC/xE/yURUbax/RUi0uV2Pnti08w9XZ2\nRDenA0rEqhx2HF9kxG/HRGMUwr3hQvlaj7zEI3mwwjz0K8pPLip7xn3kOnZFJ5Mr\nNze1sTBApmwW3D049C5b/58CAwEAAQ==\n-----END PUBLIC KEY-----\n",
            "rsa_bits": 4096
          },
          "sensitive_attributes": []
        }
      ]
    }
  ],
  "check_results": null
}
